
Microsoft Visual Studio Solution File, Format Version 12.00
# Visual Studio Version 17
VisualStudioVersion = 17.9.34607.119
MinimumVisualStudioVersion = 10.0.40219.1
Project("{FAE04EC0-301F-11D3-BF4B-00C04F79EFBC}") = "SalonAppointment.Server", "SalonAppointment.Server\SalonAppointment.Server.csproj", "{292C0F55-3546-49BF-8BC5-4B9E09063DDB}"
EndProject
Project("{54A90642-561A-4BB1-A94E-469ADEE60C69}") = "salonappointment.client", "salonappointment.client\salonappointment.client.esproj", "{0C0D2361-D7BC-4EF8-89D6-0C66ED5AC00A}"
EndProject
Global
	GlobalSection(SolutionConfigurationPlatforms) = preSolution
		Debug|Any CPU = Debug|Any CPU
		Release|Any CPU = Release|Any CPU
	EndGlobalSection
	GlobalSection(ProjectConfigurationPlatforms) = postSolution
		{292C0F55-3546-49BF-8BC5-4B9E09063DDB}.Debug|Any CPU.ActiveCfg = Debug|Any CPU
		{292C0F55-3546-49BF-8BC5-4B9E09063DDB}.Debug|Any CPU.Build.0 = Debug|Any CPU
		{292C0F55-3546-49BF-8BC5-4B9E09063DDB}.Release|Any CPU.ActiveCfg = Release|Any CPU
		{292C0F55-3546-49BF-8BC5-4B9E09063DDB}.Release|Any CPU.Build.0 = Release|Any CPU
		{0C0D2361-D7BC-4EF8-89D6-0C66ED5AC00A}.Debug|Any CPU.ActiveCfg = Debug|Any CPU
		{0C0D2361-D7BC-4EF8-89D6-0C66ED5AC00A}.Debug|Any CPU.Build.0 = Debug|Any CPU
		{0C0D2361-D7BC-4EF8-89D6-0C66ED5AC00A}.Debug|Any CPU.Deploy.0 = Debug|Any CPU
		{0C0D2361-D7BC-4EF8-89D6-0C66ED5AC00A}.Release|Any CPU.ActiveCfg = Release|Any CPU
		{0C0D2361-D7BC-4EF8-89D6-0C66ED5AC00A}.Release|Any CPU.Build.0 = Release|Any CPU
		{0C0D2361-D7BC-4EF8-89D6-0C66ED5AC00A}.Release|Any CPU.Deploy.0 = Release|Any CPU
	EndGlobalSection
	GlobalSection(SolutionProperties) = preSolution
		HideSolutionNode = FALSE
	EndGlobalSection
	GlobalSection(ExtensibilityGlobals) = postSolution
		SolutionGuid = {5CB2C75A-D275-4108-BB42-CF7189BC56D8}
	EndGlobalSection
EndGlobal
